
Microsoft Visual Studio Solution File, Format Version 12.00
# Visual Studio Version 17
VisualStudioVersion = 17.14.36518.9
MinimumVisualStudioVersion = 10.0.40219.1
Project("{FAE04EC0-301F-11D3-BF4B-00C04F79EFBC}") = "3045-002-finalapiproject-smmk", "3045-002-finalapiproject-smmk.csproj", "{0C6D3414-FB93-4F62-9442-DD9B51FF7626}"
EndProject
Global
	GlobalSection(SolutionConfigurationPlatforms) = preSolution
		Debug|Any CPU = Debug|Any CPU
		Release|Any CPU = Release|Any CPU
	EndGlobalSection
	GlobalSection(ProjectConfigurationPlatforms) = postSolution
		{0C6D3414-FB93-4F62-9442-DD9B51FF7626}.Debug|Any CPU.ActiveCfg = Debug|Any CPU
		{0C6D3414-FB93-4F62-9442-DD9B51FF7626}.Debug|Any CPU.Build.0 = Debug|Any CPU
		{0C6D3414-FB93-4F62-9442-DD9B51FF7626}.Release|Any CPU.ActiveCfg = Release|Any CPU
		{0C6D3414-FB93-4F62-9442-DD9B51FF7626}.Release|Any CPU.Build.0 = Release|Any CPU
	EndGlobalSection
	GlobalSection(SolutionProperties) = preSolution
		HideSolutionNode = FALSE
	EndGlobalSection
	GlobalSection(ExtensibilityGlobals) = postSolution
		SolutionGuid = {2F8A0431-D4A2-4A6A-B5BD-A746DBE64355}
	EndGlobalSection
EndGlobal
